{
  "name": "interview",
  "version": "1.0.0",
  "lockfileVersion": 3,
  "requires": true,
  "packages": {
    "": {
      "name": "interview",
      "version": "1.0.0",
      "license": "ISC",
      "dependencies": {
        "indexed-hash-map": "^1.0.7"
      }
    },
    "node_modules/indexed-hash-map": {
      "version": "1.0.7",
      "resolved": "https://registry.npmjs.org/indexed-hash-map/-/indexed-hash-map-1.0.7.tgz",
      "integrity": "sha512-jbKJWKweUMqYZ7kTx/ogZZl38vjC2i7Gat/EZimIwb/O3JXB5Q1uPQ2oC5LBU0QOA5a0vEHScgy20kuUwFp0dw==",
      "license": "MIT"
    }
  }
}
